
Microsoft Visual Studio Solution File, Format Version 12.00
# Visual Studio Version 16
VisualStudioVersion = 16.0.29306.81
MinimumVisualStudioVersion = 10.0.40219.1
Project("{FAE04EC0-301F-11D3-BF4B-00C04F79EFBC}") = "Pomelo.Mangos.Authentication.Core", "Pomelo.Mangos.Authentication.Core\Pomelo.Mangos.Authentication.Core.csproj", "{C9F73B0B-C5BA-40DA-8854-B3E9BEEA2594}"
EndProject
Project("{FAE04EC0-301F-11D3-BF4B-00C04F79EFBC}") = "Pomelo.Mangos.Authentication", "Pomelo.Mangos.Authentication\Pomelo.Mangos.Authentication.csproj", "{48471572-6A25-4AB7-A1A9-46930E466CB7}"
EndProject
Global
	GlobalSection(SolutionConfigurationPlatforms) = preSolution
		Debug|Any CPU = Debug|Any CPU
		Release|Any CPU = Release|Any CPU
	EndGlobalSection
	GlobalSection(ProjectConfigurationPlatforms) = postSolution
		{C9F73B0B-C5BA-40DA-8854-B3E9BEEA2594}.Debug|Any CPU.ActiveCfg = Debug|Any CPU
		{C9F73B0B-C5BA-40DA-8854-B3E9BEEA2594}.Debug|Any CPU.Build.0 = Debug|Any CPU
		{C9F73B0B-C5BA-40DA-8854-B3E9BEEA2594}.Release|Any CPU.ActiveCfg = Release|Any CPU
		{C9F73B0B-C5BA-40DA-8854-B3E9BEEA2594}.Release|Any CPU.Build.0 = Release|Any CPU
		{48471572-6A25-4AB7-A1A9-46930E466CB7}.Debug|Any CPU.ActiveCfg = Debug|Any CPU
		{48471572-6A25-4AB7-A1A9-46930E466CB7}.Debug|Any CPU.Build.0 = Debug|Any CPU
		{48471572-6A25-4AB7-A1A9-46930E466CB7}.Release|Any CPU.ActiveCfg = Release|Any CPU
		{48471572-6A25-4AB7-A1A9-46930E466CB7}.Release|Any CPU.Build.0 = Release|Any CPU
	EndGlobalSection
	GlobalSection(SolutionProperties) = preSolution
		HideSolutionNode = FALSE
	EndGlobalSection
	GlobalSection(ExtensibilityGlobals) = postSolution
		SolutionGuid = {8B2157A1-2DE5-498B-8D4B-828F75C75CDE}
	EndGlobalSection
EndGlobal
